
Microsoft Visual Studio Solution File, Format Version 12.00
# Visual Studio Version 17
VisualStudioVersion = 17.3.32901.215
MinimumVisualStudioVersion = 10.0.40219.1
Project("{2150E333-8FDC-42A3-9474-1A3956D46DE8}") = "Src", "Src", "{4C1FFC40-2CF3-4487-803A-D495831FE6B4}"
EndProject
Project("{2150E333-8FDC-42A3-9474-1A3956D46DE8}") = "Api", "Api", "{8097903F-2F9B-4791-9198-CF586B277AC5}"
EndProject
Project("{2150E333-8FDC-42A3-9474-1A3956D46DE8}") = "Core", "Core", "{9885CE3E-68B0-46B5-959D-FFA67E48C2DC}"
EndProject
Project("{9A19103F-16F7-4668-BE54-9A1E7A4F7556}") = "Domain", "Src\Api\Core\Domain\Domain.csproj", "{A9E69431-DE2C-4409-B358-834EF3D47F6F}"
EndProject
Project("{2150E333-8FDC-42A3-9474-1A3956D46DE8}") = "Common", "Common", "{4447C29A-88CC-4689-8C76-B1513A298AF8}"
EndProject
Project("{9A19103F-16F7-4668-BE54-9A1E7A4F7556}") = "Common", "Src\Common\Common\Common.csproj", "{E5693F86-347B-43A0-ACB4-3112EBC9A86B}"
EndProject
Project("{2150E333-8FDC-42A3-9474-1A3956D46DE8}") = "Infrastructure", "Infrastructure", "{D399FD42-6704-49D5-9C1E-9AEA8BE3AA5F}"
EndProject
Project("{9A19103F-16F7-4668-BE54-9A1E7A4F7556}") = "Persistence", "Src\Api\Infrastructure\Persistence\Persistence.csproj", "{DA8DE0B9-4C41-4347-9E8D-9CA22F52AA7B}"
EndProject
Project("{9A19103F-16F7-4668-BE54-9A1E7A4F7556}") = "Application", "Src\Api\Core\Application\Application.csproj", "{DAF27271-93F5-4884-8595-AFAC8BB16F74}"
EndProject
Project("{2150E333-8FDC-42A3-9474-1A3956D46DE8}") = "WebApi", "WebApi", "{0394CC27-51F2-49FB-A0B7-026FC7E29EE6}"
EndProject
Project("{9A19103F-16F7-4668-BE54-9A1E7A4F7556}") = "WebApi", "Src\Api\WebApi\WebApi\WebApi.csproj", "{12A56FAA-7F8C-4370-B6BF-9173BB1C245D}"
EndProject
Project("{2150E333-8FDC-42A3-9474-1A3956D46DE8}") = "Clients", "Clients", "{DE097297-7CCE-4B4E-AA42-186CF19B9EA8}"
EndProject
Project("{2150E333-8FDC-42A3-9474-1A3956D46DE8}") = "BlazorWeb", "BlazorWeb", "{6AFAB1E0-3D53-4CA5-A7AB-236AECBE5237}"
EndProject
Project("{9A19103F-16F7-4668-BE54-9A1E7A4F7556}") = "WebApp", "Src\Clients\BlazorWeb\WebApp\WebApp.csproj", "{798B9900-1A1D-4E46-94AE-3CA60150DADB}"
EndProject
Project("{2150E333-8FDC-42A3-9474-1A3956D46DE8}") = "Projections", "Projections", "{74E24E32-2D61-4B8E-BF7F-A66773E3AE83}"
EndProject
Project("{9A19103F-16F7-4668-BE54-9A1E7A4F7556}") = "FavoriteWorkerService", "Src\Projections\FavoriteWorkerService\FavoriteWorkerService.csproj", "{AEBEF07D-33F7-4CA1-B495-8A859144BDA9}"
EndProject
Project("{9A19103F-16F7-4668-BE54-9A1E7A4F7556}") = "VoteWorkerService", "Src\Projections\VoteWorkerService\VoteWorkerService.csproj", "{1CD68C4D-2355-4C57-8EF3-FE6C5DF9AB51}"
EndProject
Project("{9A19103F-16F7-4668-BE54-9A1E7A4F7556}") = "UserWorkerService", "Src\Projections\UserWorkerService\UserWorkerService.csproj", "{9156B362-2B9E-4D91-96DE-CAC4CB67A00A}"
EndProject
Global
	GlobalSection(SolutionConfigurationPlatforms) = preSolution
		Debug|Any CPU = Debug|Any CPU
		Release|Any CPU = Release|Any CPU
	EndGlobalSection
	GlobalSection(ProjectConfigurationPlatforms) = postSolution
		{A9E69431-DE2C-4409-B358-834EF3D47F6F}.Debug|Any CPU.ActiveCfg = Debug|Any CPU
		{A9E69431-DE2C-4409-B358-834EF3D47F6F}.Debug|Any CPU.Build.0 = Debug|Any CPU
		{A9E69431-DE2C-4409-B358-834EF3D47F6F}.Release|Any CPU.ActiveCfg = Release|Any CPU
		{A9E69431-DE2C-4409-B358-834EF3D47F6F}.Release|Any CPU.Build.0 = Release|Any CPU
		{E5693F86-347B-43A0-ACB4-3112EBC9A86B}.Debug|Any CPU.ActiveCfg = Debug|Any CPU
		{E5693F86-347B-43A0-ACB4-3112EBC9A86B}.Debug|Any CPU.Build.0 = Debug|Any CPU
		{E5693F86-347B-43A0-ACB4-3112EBC9A86B}.Release|Any CPU.ActiveCfg = Release|Any CPU
		{E5693F86-347B-43A0-ACB4-3112EBC9A86B}.Release|Any CPU.Build.0 = Release|Any CPU
		{DA8DE0B9-4C41-4347-9E8D-9CA22F52AA7B}.Debug|Any CPU.ActiveCfg = Debug|Any CPU
		{DA8DE0B9-4C41-4347-9E8D-9CA22F52AA7B}.Debug|Any CPU.Build.0 = Debug|Any CPU
		{DA8DE0B9-4C41-4347-9E8D-9CA22F52AA7B}.Release|Any CPU.ActiveCfg = Release|Any CPU
		{DA8DE0B9-4C41-4347-9E8D-9CA22F52AA7B}.Release|Any CPU.Build.0 = Release|Any CPU
		{DAF27271-93F5-4884-8595-AFAC8BB16F74}.Debug|Any CPU.ActiveCfg = Debug|Any CPU
		{DAF27271-93F5-4884-8595-AFAC8BB16F74}.Debug|Any CPU.Build.0 = Debug|Any CPU
		{DAF27271-93F5-4884-8595-AFAC8BB16F74}.Release|Any CPU.ActiveCfg = Release|Any CPU
		{DAF27271-93F5-4884-8595-AFAC8BB16F74}.Release|Any CPU.Build.0 = Release|Any CPU
		{12A56FAA-7F8C-4370-B6BF-9173BB1C245D}.Debug|Any CPU.ActiveCfg = Debug|Any CPU
		{12A56FAA-7F8C-4370-B6BF-9173BB1C245D}.Debug|Any CPU.Build.0 = Debug|Any CPU
		{12A56FAA-7F8C-4370-B6BF-9173BB1C245D}.Release|Any CPU.ActiveCfg = Release|Any CPU
		{12A56FAA-7F8C-4370-B6BF-9173BB1C245D}.Release|Any CPU.Build.0 = Release|Any CPU
		{798B9900-1A1D-4E46-94AE-3CA60150DADB}.Debug|Any CPU.ActiveCfg = Debug|Any CPU
		{798B9900-1A1D-4E46-94AE-3CA60150DADB}.Debug|Any CPU.Build.0 = Debug|Any CPU
		{798B9900-1A1D-4E46-94AE-3CA60150DADB}.Release|Any CPU.ActiveCfg = Release|Any CPU
		{798B9900-1A1D-4E46-94AE-3CA60150DADB}.Release|Any CPU.Build.0 = Release|Any CPU
		{AEBEF07D-33F7-4CA1-B495-8A859144BDA9}.Debug|Any CPU.ActiveCfg = Debug|Any CPU
		{AEBEF07D-33F7-4CA1-B495-8A859144BDA9}.Debug|Any CPU.Build.0 = Debug|Any CPU
		{AEBEF07D-33F7-4CA1-B495-8A859144BDA9}.Release|Any CPU.ActiveCfg = Release|Any CPU
		{AEBEF07D-33F7-4CA1-B495-8A859144BDA9}.Release|Any CPU.Build.0 = Release|Any CPU
		{1CD68C4D-2355-4C57-8EF3-FE6C5DF9AB51}.Debug|Any CPU.ActiveCfg = Debug|Any CPU
		{1CD68C4D-2355-4C57-8EF3-FE6C5DF9AB51}.Debug|Any CPU.Build.0 = Debug|Any CPU
		{1CD68C4D-2355-4C57-8EF3-FE6C5DF9AB51}.Release|Any CPU.ActiveCfg = Release|Any CPU
		{1CD68C4D-2355-4C57-8EF3-FE6C5DF9AB51}.Release|Any CPU.Build.0 = Release|Any CPU
		{9156B362-2B9E-4D91-96DE-CAC4CB67A00A}.Debug|Any CPU.ActiveCfg = Debug|Any CPU
		{9156B362-2B9E-4D91-96DE-CAC4CB67A00A}.Debug|Any CPU.Build.0 = Debug|Any CPU
		{9156B362-2B9E-4D91-96DE-CAC4CB67A00A}.Release|Any CPU.ActiveCfg = Release|Any CPU
		{9156B362-2B9E-4D91-96DE-CAC4CB67A00A}.Release|Any CPU.Build.0 = Release|Any CPU
	EndGlobalSection
	GlobalSection(SolutionProperties) = preSolution
		HideSolutionNode = FALSE
	EndGlobalSection
	GlobalSection(NestedProjects) = preSolution
		{8097903F-2F9B-4791-9198-CF586B277AC5} = {4C1FFC40-2CF3-4487-803A-D495831FE6B4}
		{9885CE3E-68B0-46B5-959D-FFA67E48C2DC} = {8097903F-2F9B-4791-9198-CF586B277AC5}
		{A9E69431-DE2C-4409-B358-834EF3D47F6F} = {9885CE3E-68B0-46B5-959D-FFA67E48C2DC}
		{4447C29A-88CC-4689-8C76-B1513A298AF8} = {4C1FFC40-2CF3-4487-803A-D495831FE6B4}
		{E5693F86-347B-43A0-ACB4-3112EBC9A86B} = {4447C29A-88CC-4689-8C76-B1513A298AF8}
		{D399FD42-6704-49D5-9C1E-9AEA8BE3AA5F} = {8097903F-2F9B-4791-9198-CF586B277AC5}
		{DA8DE0B9-4C41-4347-9E8D-9CA22F52AA7B} = {D399FD42-6704-49D5-9C1E-9AEA8BE3AA5F}
		{DAF27271-93F5-4884-8595-AFAC8BB16F74} = {9885CE3E-68B0-46B5-959D-FFA67E48C2DC}
		{0394CC27-51F2-49FB-A0B7-026FC7E29EE6} = {8097903F-2F9B-4791-9198-CF586B277AC5}
		{12A56FAA-7F8C-4370-B6BF-9173BB1C245D} = {0394CC27-51F2-49FB-A0B7-026FC7E29EE6}
		{DE097297-7CCE-4B4E-AA42-186CF19B9EA8} = {4C1FFC40-2CF3-4487-803A-D495831FE6B4}
		{6AFAB1E0-3D53-4CA5-A7AB-236AECBE5237} = {DE097297-7CCE-4B4E-AA42-186CF19B9EA8}
		{798B9900-1A1D-4E46-94AE-3CA60150DADB} = {6AFAB1E0-3D53-4CA5-A7AB-236AECBE5237}
		{74E24E32-2D61-4B8E-BF7F-A66773E3AE83} = {4C1FFC40-2CF3-4487-803A-D495831FE6B4}
		{AEBEF07D-33F7-4CA1-B495-8A859144BDA9} = {74E24E32-2D61-4B8E-BF7F-A66773E3AE83}
		{1CD68C4D-2355-4C57-8EF3-FE6C5DF9AB51} = {74E24E32-2D61-4B8E-BF7F-A66773E3AE83}
		{9156B362-2B9E-4D91-96DE-CAC4CB67A00A} = {74E24E32-2D61-4B8E-BF7F-A66773E3AE83}
	EndGlobalSection
	GlobalSection(ExtensibilityGlobals) = postSolution
		SolutionGuid = {5667EB40-7D1A-4DB6-B2E1-47760DF17033}
	EndGlobalSection
EndGlobal
